
Microsoft Visual Studio Solution File, Format Version 12.00
# Visual Studio Version 17
VisualStudioVersion = 17.11.35327.3
MinimumVisualStudioVersion = 10.0.40219.1
Project("{FAE04EC0-301F-11D3-BF4B-00C04F79EFBC}") = "GUI", "DoAnPTUD\GUI.csproj", "{F28FAE97-15E4-41AD-AF68-BD30485DB68C}"
EndProject
Project("{FAE04EC0-301F-11D3-BF4B-00C04F79EFBC}") = "DAL", "DAL\DAL.csproj", "{87BC4DC3-0672-4F38-A5ED-A31F9A161074}"
EndProject
Project("{FAE04EC0-301F-11D3-BF4B-00C04F79EFBC}") = "DTO", "DTO\DTO.csproj", "{1192FE83-E221-44BD-9651-C64A2FCDD283}"
EndProject
Project("{FAE04EC0-301F-11D3-BF4B-00C04F79EFBC}") = "BLL", "BLL\BLL.csproj", "{225018AC-3EAB-4C61-97D7-834C592CBB03}"
EndProject
Project("{54435603-DBB4-11D2-8724-00A0C9A8B90C}") = "MKPBank_Setup", "MKPBank_Setup\MKPBank_Setup.vdproj", "{B28E5B56-3C7A-4E94-A99F-F9D89C17CEEC}"
EndProject
Global
	GlobalSection(SolutionConfigurationPlatforms) = preSolution
		Debug|Any CPU = Debug|Any CPU
		Release|Any CPU = Release|Any CPU
	EndGlobalSection
	GlobalSection(ProjectConfigurationPlatforms) = postSolution
		{F28FAE97-15E4-41AD-AF68-BD30485DB68C}.Debug|Any CPU.ActiveCfg = Debug|Any CPU
		{F28FAE97-15E4-41AD-AF68-BD30485DB68C}.Debug|Any CPU.Build.0 = Debug|Any CPU
		{F28FAE97-15E4-41AD-AF68-BD30485DB68C}.Release|Any CPU.ActiveCfg = Release|Any CPU
		{F28FAE97-15E4-41AD-AF68-BD30485DB68C}.Release|Any CPU.Build.0 = Release|Any CPU
		{87BC4DC3-0672-4F38-A5ED-A31F9A161074}.Debug|Any CPU.ActiveCfg = Debug|Any CPU
		{87BC4DC3-0672-4F38-A5ED-A31F9A161074}.Debug|Any CPU.Build.0 = Debug|Any CPU
		{87BC4DC3-0672-4F38-A5ED-A31F9A161074}.Release|Any CPU.ActiveCfg = Release|Any CPU
		{87BC4DC3-0672-4F38-A5ED-A31F9A161074}.Release|Any CPU.Build.0 = Release|Any CPU
		{1192FE83-E221-44BD-9651-C64A2FCDD283}.Debug|Any CPU.ActiveCfg = Debug|Any CPU
		{1192FE83-E221-44BD-9651-C64A2FCDD283}.Debug|Any CPU.Build.0 = Debug|Any CPU
		{1192FE83-E221-44BD-9651-C64A2FCDD283}.Release|Any CPU.ActiveCfg = Release|Any CPU
		{1192FE83-E221-44BD-9651-C64A2FCDD283}.Release|Any CPU.Build.0 = Release|Any CPU
		{225018AC-3EAB-4C61-97D7-834C592CBB03}.Debug|Any CPU.ActiveCfg = Debug|Any CPU
		{225018AC-3EAB-4C61-97D7-834C592CBB03}.Debug|Any CPU.Build.0 = Debug|Any CPU
		{225018AC-3EAB-4C61-97D7-834C592CBB03}.Release|Any CPU.ActiveCfg = Release|Any CPU
		{225018AC-3EAB-4C61-97D7-834C592CBB03}.Release|Any CPU.Build.0 = Release|Any CPU
		{B28E5B56-3C7A-4E94-A99F-F9D89C17CEEC}.Debug|Any CPU.ActiveCfg = Debug
		{B28E5B56-3C7A-4E94-A99F-F9D89C17CEEC}.Release|Any CPU.ActiveCfg = Release
	EndGlobalSection
	GlobalSection(SolutionProperties) = preSolution
		HideSolutionNode = FALSE
	EndGlobalSection
	GlobalSection(ExtensibilityGlobals) = postSolution
		SolutionGuid = {3C1C5737-B5FE-4960-ABBE-544AD8BD6B0F}
	EndGlobalSection
EndGlobal
